
Microsoft Visual Studio Solution File, Format Version 12.00
# Visual Studio Version 17
VisualStudioVersion = 17.9.34728.123
MinimumVisualStudioVersion = 10.0.40219.1
Project("{FAE04EC0-301F-11D3-BF4B-00C04F79EFBC}") = "LaPizzeria.Core", "LaPizzeria.Core\LaPizzeria.Core.csproj", "{9876414A-090D-4A17-9F74-92CE99AA4387}"
EndProject
Project("{FAE04EC0-301F-11D3-BF4B-00C04F79EFBC}") = "LaPizzeria.Repositories", "LaPizzeria.Repositories\LaPizzeria.Repositories.csproj", "{148BEB7B-051E-48D5-816F-422E8AE7BA27}"
EndProject
Project("{FAE04EC0-301F-11D3-BF4B-00C04F79EFBC}") = "LaPizzeria.Models", "LaPizzeria.Models\LaPizzeria.Models.csproj", "{1995F0C3-B729-49A5-AA56-ADA89E38C977}"
EndProject
Project("{FAE04EC0-301F-11D3-BF4B-00C04F79EFBC}") = "LaPizzeria.Services", "LaPizzeria.Services\LaPizzeria.Services.csproj", "{D55B3066-7387-4AF2-AE39-E24E85EBAAFB}"
EndProject
Project("{FAE04EC0-301F-11D3-BF4B-00C04F79EFBC}") = "LaPizzeria.UI", "LaPizzeria.UI\LaPizzeria.UI.csproj", "{11A84F4D-DE48-4D42-A59B-37389365AF0E}"
EndProject
Global
	GlobalSection(SolutionConfigurationPlatforms) = preSolution
		Debug|Any CPU = Debug|Any CPU
		Release|Any CPU = Release|Any CPU
	EndGlobalSection
	GlobalSection(ProjectConfigurationPlatforms) = postSolution
		{9876414A-090D-4A17-9F74-92CE99AA4387}.Debug|Any CPU.ActiveCfg = Debug|Any CPU
		{9876414A-090D-4A17-9F74-92CE99AA4387}.Debug|Any CPU.Build.0 = Debug|Any CPU
		{9876414A-090D-4A17-9F74-92CE99AA4387}.Release|Any CPU.ActiveCfg = Release|Any CPU
		{9876414A-090D-4A17-9F74-92CE99AA4387}.Release|Any CPU.Build.0 = Release|Any CPU
		{148BEB7B-051E-48D5-816F-422E8AE7BA27}.Debug|Any CPU.ActiveCfg = Debug|Any CPU
		{148BEB7B-051E-48D5-816F-422E8AE7BA27}.Debug|Any CPU.Build.0 = Debug|Any CPU
		{148BEB7B-051E-48D5-816F-422E8AE7BA27}.Release|Any CPU.ActiveCfg = Release|Any CPU
		{148BEB7B-051E-48D5-816F-422E8AE7BA27}.Release|Any CPU.Build.0 = Release|Any CPU
		{1995F0C3-B729-49A5-AA56-ADA89E38C977}.Debug|Any CPU.ActiveCfg = Debug|Any CPU
		{1995F0C3-B729-49A5-AA56-ADA89E38C977}.Debug|Any CPU.Build.0 = Debug|Any CPU
		{1995F0C3-B729-49A5-AA56-ADA89E38C977}.Release|Any CPU.ActiveCfg = Release|Any CPU
		{1995F0C3-B729-49A5-AA56-ADA89E38C977}.Release|Any CPU.Build.0 = Release|Any CPU
		{D55B3066-7387-4AF2-AE39-E24E85EBAAFB}.Debug|Any CPU.ActiveCfg = Debug|Any CPU
		{D55B3066-7387-4AF2-AE39-E24E85EBAAFB}.Debug|Any CPU.Build.0 = Debug|Any CPU
		{D55B3066-7387-4AF2-AE39-E24E85EBAAFB}.Release|Any CPU.ActiveCfg = Release|Any CPU
		{D55B3066-7387-4AF2-AE39-E24E85EBAAFB}.Release|Any CPU.Build.0 = Release|Any CPU
		{11A84F4D-DE48-4D42-A59B-37389365AF0E}.Debug|Any CPU.ActiveCfg = Debug|Any CPU
		{11A84F4D-DE48-4D42-A59B-37389365AF0E}.Debug|Any CPU.Build.0 = Debug|Any CPU
		{11A84F4D-DE48-4D42-A59B-37389365AF0E}.Release|Any CPU.ActiveCfg = Release|Any CPU
		{11A84F4D-DE48-4D42-A59B-37389365AF0E}.Release|Any CPU.Build.0 = Release|Any CPU
	EndGlobalSection
	GlobalSection(SolutionProperties) = preSolution
		HideSolutionNode = FALSE
	EndGlobalSection
	GlobalSection(ExtensibilityGlobals) = postSolution
		SolutionGuid = {6BD902B9-6D2C-45BE-AEED-061DC8452A6F}
	EndGlobalSection
EndGlobal
